// !$*UTF8*$!
{
	archiveVersion = 1;
	classes = {
	};
	objectVersion = 48;
	objects = {

/* Begin PBXBuildFile section */
		40175AF4206CE3FA00A280EA /* AppDelegate.swift in Sources */ = {isa = PBXBuildFile; fileRef = 40175AF3206CE3FA00A280EA /* AppDelegate.swift */; };
		40175AF9206CE3FA00A280EA /* Main.storyboard in Resources */ = {isa = PBXBuildFile; fileRef = 40175AF7206CE3FA00A280EA /* Main.storyboard */; };
		40175AFB206CE3FA00A280EA /* Assets.xcassets in Resources */ = {isa = PBXBuildFile; fileRef = 40175AFA206CE3FA00A280EA /* Assets.xcassets */; };
		40175AFE206CE3FA00A280EA /* LaunchScreen.storyboard in Resources */ = {isa = PBXBuildFile; fileRef = 40175AFC206CE3FA00A280EA /* LaunchScreen.storyboard */; };
		40175B03206CE40D00A280EA /* GLKDemoController.swift in Sources */ = {isa = PBXBuildFile; fileRef = 40B40C432068C7BC00152DBB /* GLKDemoController.swift */; };
		403A49B4206509FE00CAFFA7 /* AppDelegate.swift in Sources */ = {isa = PBXBuildFile; fileRef = 403A49B3206509FE00CAFFA7 /* AppDelegate.swift */; };
		403A49B6206509FE00CAFFA7 /* ViewController.swift in Sources */ = {isa = PBXBuildFile; fileRef = 403A49B5206509FE00CAFFA7 /* ViewController.swift */; };
		403A49B9206509FE00CAFFA7 /* Main.storyboard in Resources */ = {isa = PBXBuildFile; fileRef = 403A49B7206509FE00CAFFA7 /* Main.storyboard */; };
		403A49BB206509FE00CAFFA7 /* Assets.xcassets in Resources */ = {isa = PBXBuildFile; fileRef = 403A49BA206509FE00CAFFA7 /* Assets.xcassets */; };
		403A49BE206509FE00CAFFA7 /* LaunchScreen.storyboard in Resources */ = {isa = PBXBuildFile; fileRef = 403A49BC206509FE00CAFFA7 /* LaunchScreen.storyboard */; };
		405DEC93206D08E00044CA90 /* AppDelegate.swift in Sources */ = {isa = PBXBuildFile; fileRef = 405DEC92206D08E00044CA90 /* AppDelegate.swift */; };
		405DEC95206D08E00044CA90 /* ViewController.swift in Sources */ = {isa = PBXBuildFile; fileRef = 405DEC94206D08E00044CA90 /* ViewController.swift */; };
		405DEC98206D08E00044CA90 /* Main.storyboard in Resources */ = {isa = PBXBuildFile; fileRef = 405DEC96206D08E00044CA90 /* Main.storyboard */; };
		405DEC9A206D08E00044CA90 /* Assets.xcassets in Resources */ = {isa = PBXBuildFile; fileRef = 405DEC99206D08E00044CA90 /* Assets.xcassets */; };
		405DEC9D206D08E00044CA90 /* LaunchScreen.storyboard in Resources */ = {isa = PBXBuildFile; fileRef = 405DEC9B206D08E00044CA90 /* LaunchScreen.storyboard */; };
		405DECA5206D0A2C0044CA90 /* OGLKView.swift in Sources */ = {isa = PBXBuildFile; fileRef = 405DECA4206D0A2C0044CA90 /* OGLKView.swift */; };
		40FBD25A20650ADA00149021 /* OpenGLES.framework in Frameworks */ = {isa = PBXBuildFile; fileRef = 40FBD25920650ADA00149021 /* OpenGLES.framework */; };
		40FBD25C20650AE000149021 /* GLKit.framework in Frameworks */ = {isa = PBXBuildFile; fileRef = 40FBD25B20650AE000149021 /* GLKit.framework */; };
/* End PBXBuildFile section */

/* Begin PBXFileReference section */
		40175AF1206CE3FA00A280EA /* OpenGLES_1.app */ = {isa = PBXFileReference; explicitFileType = wrapper.application; includeInIndex = 0; path = OpenGLES_1.app; sourceTree = BUILT_PRODUCTS_DIR; };
		40175AF3206CE3FA00A280EA /* AppDelegate.swift */ = {isa = PBXFileReference; lastKnownFileType = sourcecode.swift; path = AppDelegate.swift; sourceTree = "<group>"; };
		40175AF8206CE3FA00A280EA /* Base */ = {isa = PBXFileReference; lastKnownFileType = file.storyboard; name = Base; path = Base.lproj/Main.storyboard; sourceTree = "<group>"; };
		40175AFA206CE3FA00A280EA /* Assets.xcassets */ = {isa = PBXFileReference; lastKnownFileType = folder.assetcatalog; path = Assets.xcassets; sourceTree = "<group>"; };
		40175AFD206CE3FA00A280EA /* Base */ = {isa = PBXFileReference; lastKnownFileType = file.storyboard; name = Base; path = Base.lproj/LaunchScreen.storyboard; sourceTree = "<group>"; };
		40175AFF206CE3FA00A280EA /* Info.plist */ = {isa = PBXFileReference; lastKnownFileType = text.plist.xml; path = Info.plist; sourceTree = "<group>"; };
		403A49B0206509FE00CAFFA7 /* OpenGLES_Demo.app */ = {isa = PBXFileReference; explicitFileType = wrapper.application; includeInIndex = 0; path = OpenGLES_Demo.app; sourceTree = BUILT_PRODUCTS_DIR; };
		403A49B3206509FE00CAFFA7 /* AppDelegate.swift */ = {isa = PBXFileReference; lastKnownFileType = sourcecode.swift; path = AppDelegate.swift; sourceTree = "<group>"; };
		403A49B5206509FE00CAFFA7 /* ViewController.swift */ = {isa = PBXFileReference; lastKnownFileType = sourcecode.swift; path = ViewController.swift; sourceTree = "<group>"; };
		403A49B8206509FE00CAFFA7 /* Base */ = {isa = PBXFileReference; lastKnownFileType = file.storyboard; name = Base; path = Base.lproj/Main.storyboard; sourceTree = "<group>"; };
		403A49BA206509FE00CAFFA7 /* Assets.xcassets */ = {isa = PBXFileReference; lastKnownFileType = folder.assetcatalog; path = Assets.xcassets; sourceTree = "<group>"; };
		403A49BD206509FE00CAFFA7 /* Base */ = {isa = PBXFileReference; lastKnownFileType = file.storyboard; name = Base; path = Base.lproj/LaunchScreen.storyboard; sourceTree = "<group>"; };
		403A49BF206509FE00CAFFA7 /* Info.plist */ = {isa = PBXFileReference; lastKnownFileType = text.plist.xml; path = Info.plist; sourceTree = "<group>"; };
		405DEC90206D08E00044CA90 /* Demo2.app */ = {isa = PBXFileReference; explicitFileType = wrapper.application; includeInIndex = 0; path = Demo2.app; sourceTree = BUILT_PRODUCTS_DIR; };
		405DEC92206D08E00044CA90 /* AppDelegate.swift */ = {isa = PBXFileReference; lastKnownFileType = sourcecode.swift; path = AppDelegate.swift; sourceTree = "<group>"; };
		405DEC94206D08E00044CA90 /* ViewController.swift */ = {isa = PBXFileReference; lastKnownFileType = sourcecode.swift; path = ViewController.swift; sourceTree = "<group>"; };
		405DEC97206D08E00044CA90 /* Base */ = {isa = PBXFileReference; lastKnownFileType = file.storyboard; name = Base; path = Base.lproj/Main.storyboard; sourceTree = "<group>"; };
		405DEC99206D08E00044CA90 /* Assets.xcassets */ = {isa = PBXFileReference; lastKnownFileType = folder.assetcatalog; path = Assets.xcassets; sourceTree = "<group>"; };
		405DEC9C206D08E00044CA90 /* Base */ = {isa = PBXFileReference; lastKnownFileType = file.storyboard; name = Base; path = Base.lproj/LaunchScreen.storyboard; sourceTree = "<group>"; };
		405DEC9E206D08E00044CA90 /* Info.plist */ = {isa = PBXFileReference; lastKnownFileType = text.plist.xml; path = Info.plist; sourceTree = "<group>"; };
		405DECA4206D0A2C0044CA90 /* OGLKView.swift */ = {isa = PBXFileReference; lastKnownFileType = sourcecode.swift; path = OGLKView.swift; sourceTree = "<group>"; };
		40B40C432068C7BC00152DBB /* GLKDemoController.swift */ = {isa = PBXFileReference; lastKnownFileType = sourcecode.swift; path = GLKDemoController.swift; sourceTree = "<group>"; };
		40FBD25920650ADA00149021 /* OpenGLES.framework */ = {isa = PBXFileReference; lastKnownFileType = wrapper.framework; name = OpenGLES.framework; path = System/Library/Frameworks/OpenGLES.framework; sourceTree = SDKROOT; };
		40FBD25B20650AE000149021 /* GLKit.framework */ = {isa = PBXFileReference; lastKnownFileType = wrapper.framework; name = GLKit.framework; path = System/Library/Frameworks/GLKit.framework; sourceTree = SDKROOT; };
/* End PBXFileReference section */

/* Begin PBXFrameworksBuildPhase section */
		40175AEE206CE3FA00A280EA /* Frameworks */ = {
			isa = PBXFrameworksBuildPhase;
			buildActionMask = 2147483647;
			files = (
			);
			runOnlyForDeploymentPostprocessing = 0;
		};
		403A49AD206509FE00CAFFA7 /* Frameworks */ = {
			isa = PBXFrameworksBuildPhase;
			buildActionMask = 2147483647;
			files = (
				40FBD25C20650AE000149021 /* GLKit.framework in Frameworks */,
				40FBD25A20650ADA00149021 /* OpenGLES.framework in Frameworks */,
			);
			runOnlyForDeploymentPostprocessing = 0;
		};
		405DEC8D206D08E00044CA90 /* Frameworks */ = {
			isa = PBXFrameworksBuildPhase;
			buildActionMask = 2147483647;
			files = (
			);
			runOnlyForDeploymentPostprocessing = 0;
		};
/* End PBXFrameworksBuildPhase section */

/* Begin PBXGroup section */
		40175AF2206CE3FA00A280EA /* OpenGLES_1 */ = {
			isa = PBXGroup;
			children = (
				40175AF3206CE3FA00A280EA /* AppDelegate.swift */,
				40B40C432068C7BC00152DBB /* GLKDemoController.swift */,
				40175AF7206CE3FA00A280EA /* Main.storyboard */,
				40175AFA206CE3FA00A280EA /* Assets.xcassets */,
				40175AFC206CE3FA00A280EA /* LaunchScreen.storyboard */,
				40175AFF206CE3FA00A280EA /* Info.plist */,
			);
			path = OpenGLES_1;
			sourceTree = "<group>";
		};
		403A49A7206509FE00CAFFA7 = {
			isa = PBXGroup;
			children = (
				403A49B2206509FE00CAFFA7 /* OpenGLES_Demo */,
				40175AF2206CE3FA00A280EA /* OpenGLES_1 */,
				405DEC91206D08E00044CA90 /* Demo2 */,
				403A49B1206509FE00CAFFA7 /* Products */,
				40FBD25820650ADA00149021 /* Frameworks */,
			);
			sourceTree = "<group>";
		};
		403A49B1206509FE00CAFFA7 /* Products */ = {
			isa = PBXGroup;
			children = (
				403A49B0206509FE00CAFFA7 /* OpenGLES_Demo.app */,
				40175AF1206CE3FA00A280EA /* OpenGLES_1.app */,
				405DEC90206D08E00044CA90 /* Demo2.app */,
			);
			name = Products;
			sourceTree = "<group>";
		};
		403A49B2206509FE00CAFFA7 /* OpenGLES_Demo */ = {
			isa = PBXGroup;
			children = (
				403A49B3206509FE00CAFFA7 /* AppDelegate.swift */,
				403A49B5206509FE00CAFFA7 /* ViewController.swift */,
				403A49B7206509FE00CAFFA7 /* Main.storyboard */,
				403A49BA206509FE00CAFFA7 /* Assets.xcassets */,
				403A49BC206509FE00CAFFA7 /* LaunchScreen.storyboard */,
				403A49BF206509FE00CAFFA7 /* Info.plist */,
			);
			path = OpenGLES_Demo;
			sourceTree = "<group>";
		};
		405DEC91206D08E00044CA90 /* Demo2 */ = {
			isa = PBXGroup;
			children = (
				405DEC92206D08E00044CA90 /* AppDelegate.swift */,
				405DEC94206D08E00044CA90 /* ViewController.swift */,
				405DECA4206D0A2C0044CA90 /* OGLKView.swift */,
				405DEC96206D08E00044CA90 /* Main.storyboard */,
				405DEC99206D08E00044CA90 /* Assets.xcassets */,
				405DEC9B206D08E00044CA90 /* LaunchScreen.storyboard */,
				405DEC9E206D08E00044CA90 /* Info.plist */,
			);
			path = Demo2;
			sourceTree = "<group>";
		};
		40FBD25820650ADA00149021 /* Frameworks */ = {
			isa = PBXGroup;
			children = (
				40FBD25B20650AE000149021 /* GLKit.framework */,
				40FBD25920650ADA00149021 /* OpenGLES.framework */,
			);
			name = Frameworks;
			sourceTree = "<group>";
		};
/* End PBXGroup section */

/* Begin PBXNativeTarget section */
		40175AF0206CE3FA00A280EA /* OpenGLES_1 */ = {
			isa = PBXNativeTarget;
			buildConfigurationList = 40175B02206CE3FA00A280EA /* Build configuration list for PBXNativeTarget "OpenGLES_1" */;
			buildPhases = (
				40175AED206CE3FA00A280EA /* Sources */,
				40175AEE206CE3FA00A280EA /* Frameworks */,
				40175AEF206CE3FA00A280EA /* Resources */,
			);
			buildRules = (
			);
			dependencies = (
			);
			name = OpenGLES_1;
			productName = OpenGLES_1;
			productReference = 40175AF1206CE3FA00A280EA /* OpenGLES_1.app */;
			productType = "com.apple.product-type.application";
		};
		403A49AF206509FE00CAFFA7 /* OpenGLES_Demo */ = {
			isa = PBXNativeTarget;
			buildConfigurationList = 403A49C2206509FE00CAFFA7 /* Build configuration list for PBXNativeTarget "OpenGLES_Demo" */;
			buildPhases = (
				403A49AC206509FE00CAFFA7 /* Sources */,
				403A49AD206509FE00CAFFA7 /* Frameworks */,
				403A49AE206509FE00CAFFA7 /* Resources */,
			);
			buildRules = (
			);
			dependencies = (
			);
			name = OpenGLES_Demo;
			productName = OpenGLES_Demo;
			productReference = 403A49B0206509FE00CAFFA7 /* OpenGLES_Demo.app */;
			productType = "com.apple.product-type.application";
		};
		405DEC8F206D08E00044CA90 /* Demo2 */ = {
			isa = PBXNativeTarget;
			buildConfigurationList = 405DECA1206D08E00044CA90 /* Build configuration list for PBXNativeTarget "Demo2" */;
			buildPhases = (
				405DEC8C206D08E00044CA90 /* Sources */,
				405DEC8D206D08E00044CA90 /* Frameworks */,
				405DEC8E206D08E00044CA90 /* Resources */,
			);
			buildRules = (
			);
			dependencies = (
			);
			name = Demo2;
			productName = Demo2;
			productReference = 405DEC90206D08E00044CA90 /* Demo2.app */;
			productType = "com.apple.product-type.application";
		};
/* End PBXNativeTarget section */

/* Begin PBXProject section */
		403A49A8206509FE00CAFFA7 /* Project object */ = {
			isa = PBXProject;
			attributes = {
				LastSwiftUpdateCheck = 0920;
				LastUpgradeCheck = 0920;
				ORGANIZATIONNAME = ADDICE;
				TargetAttributes = {
					40175AF0206CE3FA00A280EA = {
						CreatedOnToolsVersion = 9.2;
						ProvisioningStyle = Automatic;
					};
					403A49AF206509FE00CAFFA7 = {
						CreatedOnToolsVersion = 9.2;
						ProvisioningStyle = Automatic;
					};
					405DEC8F206D08E00044CA90 = {
						CreatedOnToolsVersion = 9.2;
						ProvisioningStyle = Automatic;
					};
				};
			};
			buildConfigurationList = 403A49AB206509FE00CAFFA7 /* Build configuration list for PBXProject "OpenGLES_Demo" */;
			compatibilityVersion = "Xcode 8.0";
			developmentRegion = en;
			hasScannedForEncodings = 0;
			knownRegions = (
				en,
				Base,
			);
			mainGroup = 403A49A7206509FE00CAFFA7;
			productRefGroup = 403A49B1206509FE00CAFFA7 /* Products */;
			projectDirPath = "";
			projectRoot = "";
			targets = (
				403A49AF206509FE00CAFFA7 /* OpenGLES_Demo */,
				40175AF0206CE3FA00A280EA /* OpenGLES_1 */,
				405DEC8F206D08E00044CA90 /* Demo2 */,
			);
		};
/* End PBXProject section */

/* Begin PBXResourcesBuildPhase section */
		40175AEF206CE3FA00A280EA /* Resources */ = {
			isa = PBXResourcesBuildPhase;
			buildActionMask = 2147483647;
			files = (
				40175AFE206CE3FA00A280EA /* LaunchScreen.storyboard in Resources */,
				40175AFB206CE3FA00A280EA /* Assets.xcassets in Resources */,
				40175AF9206CE3FA00A280EA /* Main.storyboard in Resources */,
			);
			runOnlyForDeploymentPostprocessing = 0;
		};
		403A49AE206509FE00CAFFA7 /* Resources */ = {
			isa = PBXResourcesBuildPhase;
			buildActionMask = 2147483647;
			files = (
				403A49BE206509FE00CAFFA7 /* LaunchScreen.storyboard in Resources */,
				403A49BB206509FE00CAFFA7 /* Assets.xcassets in Resources */,
				403A49B9206509FE00CAFFA7 /* Main.storyboard in Resources */,
			);
			runOnlyForDeploymentPostprocessing = 0;
		};
		405DEC8E206D08E00044CA90 /* Resources */ = {
			isa = PBXResourcesBuildPhase;
			buildActionMask = 2147483647;
			files = (
				405DEC9D206D08E00044CA90 /* LaunchScreen.storyboard in Resources */,
				405DEC9A206D08E00044CA90 /* Assets.xcassets in Resources */,
				405DEC98206D08E00044CA90 /* Main.storyboard in Resources */,
			);
			runOnlyForDeploymentPostprocessing = 0;
		};
/* End PBXResourcesBuildPhase section */

/* Begin PBXSourcesBuildPhase section */
		40175AED206CE3FA00A280EA /* Sources */ = {
			isa = PBXSourcesBuildPhase;
			buildActionMask = 2147483647;
			files = (
				40175B03206CE40D00A280EA /* GLKDemoController.swift in Sources */,
				40175AF4206CE3FA00A280EA /* AppDelegate.swift in Sources */,
			);
			runOnlyForDeploymentPostprocessing = 0;
		};
		403A49AC206509FE00CAFFA7 /* Sources */ = {
			isa = PBXSourcesBuildPhase;
			buildActionMask = 2147483647;
			files = (
				403A49B6206509FE00CAFFA7 /* ViewController.swift in Sources */,
				403A49B4206509FE00CAFFA7 /* AppDelegate.swift in Sources */,
			);
			runOnlyForDeploymentPostprocessing = 0;
		};
		405DEC8C206D08E00044CA90 /* Sources */ = {
			isa = PBXSourcesBuildPhase;
			buildActionMask = 2147483647;
			files = (
				405DECA5206D0A2C0044CA90 /* OGLKView.swift in Sources */,
				405DEC95206D08E00044CA90 /* ViewController.swift in Sources */,
				405DEC93206D08E00044CA90 /* AppDelegate.swift in Sources */,
			);
			runOnlyForDeploymentPostprocessing = 0;
		};
/* End PBXSourcesBuildPhase section */

/* Begin PBXVariantGroup section */
		40175AF7206CE3FA00A280EA /* Main.storyboard */ = {
			isa = PBXVariantGroup;
			children = (
				40175AF8206CE3FA00A280EA /* Base */,
			);
			name = Main.storyboard;
			sourceTree = "<group>";
		};
		40175AFC206CE3FA00A280EA /* LaunchScreen.storyboard */ = {
			isa = PBXVariantGroup;
			children = (
				40175AFD206CE3FA00A280EA /* Base */,
			);
			name = LaunchScreen.storyboard;
			sourceTree = "<group>";
		};
		403A49B7206509FE00CAFFA7 /* Main.storyboard */ = {
			isa = PBXVariantGroup;
			children = (
				403A49B8206509FE00CAFFA7 /* Base */,
			);
			name = Main.storyboard;
			sourceTree = "<group>";
		};
		403A49BC206509FE00CAFFA7 /* LaunchScreen.storyboard */ = {
			isa = PBXVariantGroup;
			children = (
				403A49BD206509FE00CAFFA7 /* Base */,
			);
			name = LaunchScreen.storyboard;
			sourceTree = "<group>";
		};
		405DEC96206D08E00044CA90 /* Main.storyboard */ = {
			isa = PBXVariantGroup;
			children = (
				405DEC97206D08E00044CA90 /* Base */,
			);
			name = Main.storyboard;
			sourceTree = "<group>";
		};
		405DEC9B206D08E00044CA90 /* LaunchScreen.storyboard */ = {
			isa = PBXVariantGroup;
			children = (
				405DEC9C206D08E00044CA90 /* Base */,
			);
			name = LaunchScreen.storyboard;
			sourceTree = "<group>";
		};
/* End PBXVariantGroup section */

/* Begin XCBuildConfiguration section */
		40175B00206CE3FA00A280EA /* Debug */ = {
			isa = XCBuildConfiguration;
			buildSettings = {
				ASSETCATALOG_COMPILER_APPICON_NAME = AppIcon;
				CODE_SIGN_STYLE = Automatic;
				DEVELOPMENT_TEAM = DDKKZQJTZ8;
				INFOPLIST_FILE = OpenGLES_1/Info.plist;
				LD_RUNPATH_SEARCH_PATHS = "$(inherited) @executable_path/Frameworks";
				PRODUCT_BUNDLE_IDENTIFIER = "ADDICE.OpenGLES-1";
				PRODUCT_NAME = "$(TARGET_NAME)";
				SWIFT_VERSION = 4.0;
				TARGETED_DEVICE_FAMILY = "1,2";
			};
			name = Debug;
		};
		40175B01206CE3FA00A280EA /* Release */ = {
			isa = XCBuildConfiguration;
			buildSettings = {
				ASSETCATALOG_COMPILER_APPICON_NAME = AppIcon;
				CODE_SIGN_STYLE = Automatic;
				DEVELOPMENT_TEAM = DDKKZQJTZ8;
				INFOPLIST_FILE = OpenGLES_1/Info.plist;
				LD_RUNPATH_SEARCH_PATHS = "$(inherited) @executable_path/Frameworks";
				PRODUCT_BUNDLE_IDENTIFIER = "ADDICE.OpenGLES-1";
				PRODUCT_NAME = "$(TARGET_NAME)";
				SWIFT_VERSION = 4.0;
				TARGETED_DEVICE_FAMILY = "1,2";
			};
			name = Release;
		};
		403A49C0206509FE00CAFFA7 /* Debug */ = {
			isa = XCBuildConfiguration;
			buildSettings = {
				ALWAYS_SEARCH_USER_PATHS = NO;
				CLANG_ANALYZER_NONNULL = YES;
				CLANG_ANALYZER_NUMBER_OBJECT_CONVERSION = YES_AGGRESSIVE;
				CLANG_CXX_LANGUAGE_STANDARD = "gnu++14";
				CLANG_CXX_LIBRARY = "libc++";
				CLANG_ENABLE_MODULES = YES;
				CLANG_ENABLE_OBJC_ARC = YES;
				CLANG_WARN_BLOCK_CAPTURE_AUTORELEASING = YES;
				CLANG_WARN_BOOL_CONVERSION = YES;
				CLANG_WARN_COMMA = YES;
				CLANG_WARN_CONSTANT_CONVERSION = YES;
				CLANG_WARN_DIRECT_OBJC_ISA_USAGE = YES_ERROR;
				CLANG_WARN_DOCUMENTATION_COMMENTS = YES;
				CLANG_WARN_EMPTY_BODY = YES;
				CLANG_WARN_ENUM_CONVERSION = YES;
				CLANG_WARN_INFINITE_RECURSION = YES;
				CLANG_WARN_INT_CONVERSION = YES;
				CLANG_WARN_NON_LITERAL_NULL_CONVERSION = YES;
				CLANG_WARN_OBJC_LITERAL_CONVERSION = YES;
				CLANG_WARN_OBJC_ROOT_CLASS = YES_ERROR;
				CLANG_WARN_RANGE_LOOP_ANALYSIS = YES;
				CLANG_WARN_STRICT_PROTOTYPES = YES;
				CLANG_WARN_SUSPICIOUS_MOVE = YES;
				CLANG_WARN_UNGUARDED_AVAILABILITY = YES_AGGRESSIVE;
				CLANG_WARN_UNREACHABLE_CODE = YES;
				CLANG_WARN__DUPLICATE_METHOD_MATCH = YES;
				CODE_SIGN_IDENTITY = "iPhone Developer";
				COPY_PHASE_STRIP = NO;
				DEBUG_INFORMATION_FORMAT = dwarf;
				ENABLE_STRICT_OBJC_MSGSEND = YES;
				ENABLE_TESTABILITY = YES;
				GCC_C_LANGUAGE_STANDARD = gnu11;
				GCC_DYNAMIC_NO_PIC = NO;
				GCC_NO_COMMON_BLOCKS = YES;
				GCC_OPTIMIZATION_LEVEL = 0;
				GCC_PREPROCESSOR_DEFINITIONS = (
					"DEBUG=1",
					"$(inherited)",
				);
				GCC_WARN_64_TO_32_BIT_CONVERSION = YES;
				GCC_WARN_ABOUT_RETURN_TYPE = YES_ERROR;
				GCC_WARN_UNDECLARED_SELECTOR = YES;
				GCC_WARN_UNINITIALIZED_AUTOS = YES_AGGRESSIVE;
				GCC_WARN_UNUSED_FUNCTION = YES;
				GCC_WARN_UNUSED_VARIABLE = YES;
				IPHONEOS_DEPLOYMENT_TARGET = 11.2;
				MTL_ENABLE_DEBUG_INFO = YES;
				ONLY_ACTIVE_ARCH = YES;
				SDKROOT = iphoneos;
				SWIFT_ACTIVE_COMPILATION_CONDITIONS = DEBUG;
				SWIFT_OPTIMIZATION_LEVEL = "-Onone";
			};
			name = Debug;
		};
		403A49C1206509FE00CAFFA7 /* Release */ = {
			isa = XCBuildConfiguration;
			buildSettings = {
				ALWAYS_SEARCH_USER_PATHS = NO;
				CLANG_ANALYZER_NONNULL = YES;
				CLANG_ANALYZER_NUMBER_OBJECT_CONVERSION = YES_AGGRESSIVE;
				CLANG_CXX_LANGUAGE_STANDARD = "gnu++14";
				CLANG_CXX_LIBRARY = "libc++";
				CLANG_ENABLE_MODULES = YES;
				CLANG_ENABLE_OBJC_ARC = YES;
				CLANG_WARN_BLOCK_CAPTURE_AUTORELEASING = YES;
				CLANG_WARN_BOOL_CONVERSION = YES;
				CLANG_WARN_COMMA = YES;
				CLANG_WARN_CONSTANT_CONVERSION = YES;
				CLANG_WARN_DIRECT_OBJC_ISA_USAGE = YES_ERROR;
				CLANG_WARN_DOCUMENTATION_COMMENTS = YES;
				CLANG_WARN_EMPTY_BODY = YES;
				CLANG_WARN_ENUM_CONVERSION = YES;
				CLANG_WARN_INFINITE_RECURSION = YES;
				CLANG_WARN_INT_CONVERSION = YES;
				CLANG_WARN_NON_LITERAL_NULL_CONVERSION = YES;
				CLANG_WARN_OBJC_LITERAL_CONVERSION = YES;
				CLANG_WARN_OBJC_ROOT_CLASS = YES_ERROR;
				CLANG_WARN_RANGE_LOOP_ANALYSIS = YES;
				CLANG_WARN_STRICT_PROTOTYPES = YES;
				CLANG_WARN_SUSPICIOUS_MOVE = YES;
				CLANG_WARN_UNGUARDED_AVAILABILITY = YES_AGGRESSIVE;
				CLANG_WARN_UNREACHABLE_CODE = YES;
				CLANG_WARN__DUPLICATE_METHOD_MATCH = YES;
				CODE_SIGN_IDENTITY = "iPhone Developer";
				COPY_PHASE_STRIP = NO;
				DEBUG_INFORMATION_FORMAT = "dwarf-with-dsym";
				ENABLE_NS_ASSERTIONS = NO;
				ENABLE_STRICT_OBJC_MSGSEND = YES;
				GCC_C_LANGUAGE_STANDARD = gnu11;
				GCC_NO_COMMON_BLOCKS = YES;
				GCC_WARN_64_TO_32_BIT_CONVERSION = YES;
				GCC_WARN_ABOUT_RETURN_TYPE = YES_ERROR;
				GCC_WARN_UNDECLARED_SELECTOR = YES;
				GCC_WARN_UNINITIALIZED_AUTOS = YES_AGGRESSIVE;
				GCC_WARN_UNUSED_FUNCTION = YES;
				GCC_WARN_UNUSED_VARIABLE = YES;
				IPHONEOS_DEPLOYMENT_TARGET = 11.2;
				MTL_ENABLE_DEBUG_INFO = NO;
				SDKROOT = iphoneos;
				SWIFT_OPTIMIZATION_LEVEL = "-Owholemodule";
				VALIDATE_PRODUCT = YES;
			};
			name = Release;
		};
		403A49C3206509FE00CAFFA7 /* Debug */ = {
			isa = XCBuildConfiguration;
			buildSettings = {
				ASSETCATALOG_COMPILER_APPICON_NAME = AppIcon;
				CODE_SIGN_STYLE = Automatic;
				DEVELOPMENT_TEAM = DDKKZQJTZ8;
				INFOPLIST_FILE = OpenGLES_Demo/Info.plist;
				LD_RUNPATH_SEARCH_PATHS = "$(inherited) @executable_path/Frameworks";
				PRODUCT_BUNDLE_IDENTIFIER = "ADDICE.OpenGLES-Demo";
				PRODUCT_NAME = "$(TARGET_NAME)";
				SWIFT_VERSION = 4.0;
				TARGETED_DEVICE_FAMILY = "1,2";
			};
			name = Debug;
		};
		403A49C4206509FE00CAFFA7 /* Release */ = {
			isa = XCBuildConfiguration;
			buildSettings = {
				ASSETCATALOG_COMPILER_APPICON_NAME = AppIcon;
				CODE_SIGN_STYLE = Automatic;
				DEVELOPMENT_TEAM = DDKKZQJTZ8;
				INFOPLIST_FILE = OpenGLES_Demo/Info.plist;
				LD_RUNPATH_SEARCH_PATHS = "$(inherited) @executable_path/Frameworks";
				PRODUCT_BUNDLE_IDENTIFIER = "ADDICE.OpenGLES-Demo";
				PRODUCT_NAME = "$(TARGET_NAME)";
				SWIFT_VERSION = 4.0;
				TARGETED_DEVICE_FAMILY = "1,2";
			};
			name = Release;
		};
		405DEC9F206D08E00044CA90 /* Debug */ = {
			isa = XCBuildConfiguration;
			buildSettings = {
				ASSETCATALOG_COMPILER_APPICON_NAME = AppIcon;
				CODE_SIGN_STYLE = Automatic;
				DEVELOPMENT_TEAM = DDKKZQJTZ8;
				INFOPLIST_FILE = Demo2/Info.plist;
				LD_RUNPATH_SEARCH_PATHS = "$(inherited) @executable_path/Frameworks";
				PRODUCT_BUNDLE_IDENTIFIER = ADDICE.Demo2;
				PRODUCT_NAME = "$(TARGET_NAME)";
				SWIFT_VERSION = 4.0;
				TARGETED_DEVICE_FAMILY = "1,2";
			};
			name = Debug;
		};
		405DECA0206D08E00044CA90 /* Release */ = {
			isa = XCBuildConfiguration;
			buildSettings = {
				ASSETCATALOG_COMPILER_APPICON_NAME = AppIcon;
				CODE_SIGN_STYLE = Automatic;
				DEVELOPMENT_TEAM = DDKKZQJTZ8;
				INFOPLIST_FILE = Demo2/Info.plist;
				LD_RUNPATH_SEARCH_PATHS = "$(inherited) @executable_path/Frameworks";
				PRODUCT_BUNDLE_IDENTIFIER = ADDICE.Demo2;
				PRODUCT_NAME = "$(TARGET_NAME)";
				SWIFT_VERSION = 4.0;
				TARGETED_DEVICE_FAMILY = "1,2";
			};
			name = Release;
		};
/* End XCBuildConfiguration section */

/* Begin XCConfigurationList section */
		40175B02206CE3FA00A280EA /* Build configuration list for PBXNativeTarget "OpenGLES_1" */ = {
			isa = XCConfigurationList;
			buildConfigurations = (
				40175B00206CE3FA00A280EA /* Debug */,
				40175B01206CE3FA00A280EA /* Release */,
			);
			defaultConfigurationIsVisible = 0;
			defaultConfigurationName = Release;
		};
		403A49AB206509FE00CAFFA7 /* Build configuration list for PBXProject "OpenGLES_Demo" */ = {
			isa = XCConfigurationList;
			buildConfigurations = (
				403A49C0206509FE00CAFFA7 /* Debug */,
				403A49C1206509FE00CAFFA7 /* Release */,
			);
			defaultConfigurationIsVisible = 0;
			defaultConfigurationName = Release;
		};
		403A49C2206509FE00CAFFA7 /* Build configuration list for PBXNativeTarget "OpenGLES_Demo" */ = {
			isa = XCConfigurationList;
			buildConfigurations = (
				403A49C3206509FE00CAFFA7 /* Debug */,
				403A49C4206509FE00CAFFA7 /* Release */,
			);
			defaultConfigurationIsVisible = 0;
			defaultConfigurationName = Release;
		};
		405DECA1206D08E00044CA90 /* Build configuration list for PBXNativeTarget "Demo2" */ = {
			isa = XCConfigurationList;
			buildConfigurations = (
				405DEC9F206D08E00044CA90 /* Debug */,
				405DECA0206D08E00044CA90 /* Release */,
			);
			defaultConfigurationIsVisible = 0;
			defaultConfigurationName = Release;
		};
/* End XCConfigurationList section */
	};
	rootObject = 403A49A8206509FE00CAFFA7 /* Project object */;
}
